
Microsoft Visual Studio Solution File, Format Version 12.00
Project("{FAE04EC0-301F-11D3-BF4B-00C04F79EFBC}") = "AuthApp", "AuthApp\AuthApp.csproj", "{BD49EECC-360D-49F2-A8F7-EB72C4E17DDA}"
EndProject
Project("{FAE04EC0-301F-11D3-BF4B-00C04F79EFBC}") = "Repository", "Repository\Repository.csproj", "{7D07F595-772C-4243-8D75-2A1CFECDDE67}"
EndProject
Project("{FAE04EC0-301F-11D3-BF4B-00C04F79EFBC}") = "Domain", "Domain\Domain.csproj", "{0AFD7C1B-0C70-48CA-BD17-3817C5019AE5}"
EndProject
Project("{FAE04EC0-301F-11D3-BF4B-00C04F79EFBC}") = "Shared", "Shared\Shared.csproj", "{6ECC76AF-6A2B-42BE-AC15-7A9070C54263}"
EndProject
Project("{2150E333-8FDC-42A3-9474-1A3956D46DE8}") = "Repository", "Repository", "{0912E694-B866-4825-B9B4-6D818F4C481B}"
EndProject
Project("{FAE04EC0-301F-11D3-BF4B-00C04F79EFBC}") = "RepositoryAbstractions", "RepositoryAbstractions\RepositoryAbstractions.csproj", "{8E36B81E-6FAB-45BA-B252-3584CBEA71A6}"
EndProject
Project("{2150E333-8FDC-42A3-9474-1A3956D46DE8}") = "Service", "Service", "{F0646813-11E4-4F7F-87E8-F71FE4BB3A0F}"
EndProject
Project("{FAE04EC0-301F-11D3-BF4B-00C04F79EFBC}") = "Service", "Service\Service.csproj", "{EB04469C-1F38-4E58-978D-B08D6CED6988}"
EndProject
Project("{FAE04EC0-301F-11D3-BF4B-00C04F79EFBC}") = "Service.Contracts", "Service.Contracts\Service.Contracts.csproj", "{822D30A8-84EF-4C3B-96B0-1D617232142F}"
EndProject
Project("{FAE04EC0-301F-11D3-BF4B-00C04F79EFBC}") = "RSA", "RSA\RSA.csproj", "{DEC9737C-52C7-46D0-B3D6-119696512147}"
EndProject
Project("{2150E333-8FDC-42A3-9474-1A3956D46DE8}") = "RSA", "RSA", "{D472F927-27C7-470E-98D2-2726902B72AB}"
EndProject
Project("{FAE04EC0-301F-11D3-BF4B-00C04F79EFBC}") = "RSA.Abstractions", "RSA.Abstractions\RSA.Abstractions.csproj", "{73C45398-3938-444D-988E-717B8D1F1471}"
EndProject
Project("{FAE04EC0-301F-11D3-BF4B-00C04F79EFBC}") = "Jwt", "Jwt\Jwt.csproj", "{C8729269-9B8A-4FAB-A059-48D62400FFCC}"
EndProject
Project("{2150E333-8FDC-42A3-9474-1A3956D46DE8}") = "JWT", "JWT", "{738F24CA-D046-43BD-AB95-15B1787232CC}"
EndProject
Project("{FAE04EC0-301F-11D3-BF4B-00C04F79EFBC}") = "Jwt.Abstractions", "Jwt.Abstractions\Jwt.Abstractions.csproj", "{1D0D7E65-5BCB-4B74-B78C-2ED0335C4100}"
EndProject
Project("{FAE04EC0-301F-11D3-BF4B-00C04F79EFBC}") = "Exceptions", "Exceptions\Exceptions.csproj", "{6DD477B0-4E74-4820-82C5-D021310ED22F}"
EndProject
Global
	GlobalSection(SolutionConfigurationPlatforms) = preSolution
		Debug|Any CPU = Debug|Any CPU
		Release|Any CPU = Release|Any CPU
	EndGlobalSection
	GlobalSection(ProjectConfigurationPlatforms) = postSolution
		{BD49EECC-360D-49F2-A8F7-EB72C4E17DDA}.Debug|Any CPU.ActiveCfg = Debug|Any CPU
		{BD49EECC-360D-49F2-A8F7-EB72C4E17DDA}.Debug|Any CPU.Build.0 = Debug|Any CPU
		{BD49EECC-360D-49F2-A8F7-EB72C4E17DDA}.Release|Any CPU.ActiveCfg = Release|Any CPU
		{BD49EECC-360D-49F2-A8F7-EB72C4E17DDA}.Release|Any CPU.Build.0 = Release|Any CPU
		{7D07F595-772C-4243-8D75-2A1CFECDDE67}.Debug|Any CPU.ActiveCfg = Debug|Any CPU
		{7D07F595-772C-4243-8D75-2A1CFECDDE67}.Debug|Any CPU.Build.0 = Debug|Any CPU
		{7D07F595-772C-4243-8D75-2A1CFECDDE67}.Release|Any CPU.ActiveCfg = Release|Any CPU
		{7D07F595-772C-4243-8D75-2A1CFECDDE67}.Release|Any CPU.Build.0 = Release|Any CPU
		{0AFD7C1B-0C70-48CA-BD17-3817C5019AE5}.Debug|Any CPU.ActiveCfg = Debug|Any CPU
		{0AFD7C1B-0C70-48CA-BD17-3817C5019AE5}.Debug|Any CPU.Build.0 = Debug|Any CPU
		{0AFD7C1B-0C70-48CA-BD17-3817C5019AE5}.Release|Any CPU.ActiveCfg = Release|Any CPU
		{0AFD7C1B-0C70-48CA-BD17-3817C5019AE5}.Release|Any CPU.Build.0 = Release|Any CPU
		{6ECC76AF-6A2B-42BE-AC15-7A9070C54263}.Debug|Any CPU.ActiveCfg = Debug|Any CPU
		{6ECC76AF-6A2B-42BE-AC15-7A9070C54263}.Debug|Any CPU.Build.0 = Debug|Any CPU
		{6ECC76AF-6A2B-42BE-AC15-7A9070C54263}.Release|Any CPU.ActiveCfg = Release|Any CPU
		{6ECC76AF-6A2B-42BE-AC15-7A9070C54263}.Release|Any CPU.Build.0 = Release|Any CPU
		{8E36B81E-6FAB-45BA-B252-3584CBEA71A6}.Debug|Any CPU.ActiveCfg = Debug|Any CPU
		{8E36B81E-6FAB-45BA-B252-3584CBEA71A6}.Debug|Any CPU.Build.0 = Debug|Any CPU
		{8E36B81E-6FAB-45BA-B252-3584CBEA71A6}.Release|Any CPU.ActiveCfg = Release|Any CPU
		{8E36B81E-6FAB-45BA-B252-3584CBEA71A6}.Release|Any CPU.Build.0 = Release|Any CPU
		{EB04469C-1F38-4E58-978D-B08D6CED6988}.Debug|Any CPU.ActiveCfg = Debug|Any CPU
		{EB04469C-1F38-4E58-978D-B08D6CED6988}.Debug|Any CPU.Build.0 = Debug|Any CPU
		{EB04469C-1F38-4E58-978D-B08D6CED6988}.Release|Any CPU.ActiveCfg = Release|Any CPU
		{EB04469C-1F38-4E58-978D-B08D6CED6988}.Release|Any CPU.Build.0 = Release|Any CPU
		{822D30A8-84EF-4C3B-96B0-1D617232142F}.Debug|Any CPU.ActiveCfg = Debug|Any CPU
		{822D30A8-84EF-4C3B-96B0-1D617232142F}.Debug|Any CPU.Build.0 = Debug|Any CPU
		{822D30A8-84EF-4C3B-96B0-1D617232142F}.Release|Any CPU.ActiveCfg = Release|Any CPU
		{822D30A8-84EF-4C3B-96B0-1D617232142F}.Release|Any CPU.Build.0 = Release|Any CPU
		{DEC9737C-52C7-46D0-B3D6-119696512147}.Debug|Any CPU.ActiveCfg = Debug|Any CPU
		{DEC9737C-52C7-46D0-B3D6-119696512147}.Debug|Any CPU.Build.0 = Debug|Any CPU
		{DEC9737C-52C7-46D0-B3D6-119696512147}.Release|Any CPU.ActiveCfg = Release|Any CPU
		{DEC9737C-52C7-46D0-B3D6-119696512147}.Release|Any CPU.Build.0 = Release|Any CPU
		{73C45398-3938-444D-988E-717B8D1F1471}.Debug|Any CPU.ActiveCfg = Debug|Any CPU
		{73C45398-3938-444D-988E-717B8D1F1471}.Debug|Any CPU.Build.0 = Debug|Any CPU
		{73C45398-3938-444D-988E-717B8D1F1471}.Release|Any CPU.ActiveCfg = Release|Any CPU
		{73C45398-3938-444D-988E-717B8D1F1471}.Release|Any CPU.Build.0 = Release|Any CPU
		{C8729269-9B8A-4FAB-A059-48D62400FFCC}.Debug|Any CPU.ActiveCfg = Debug|Any CPU
		{C8729269-9B8A-4FAB-A059-48D62400FFCC}.Debug|Any CPU.Build.0 = Debug|Any CPU
		{C8729269-9B8A-4FAB-A059-48D62400FFCC}.Release|Any CPU.ActiveCfg = Release|Any CPU
		{C8729269-9B8A-4FAB-A059-48D62400FFCC}.Release|Any CPU.Build.0 = Release|Any CPU
		{1D0D7E65-5BCB-4B74-B78C-2ED0335C4100}.Debug|Any CPU.ActiveCfg = Debug|Any CPU
		{1D0D7E65-5BCB-4B74-B78C-2ED0335C4100}.Debug|Any CPU.Build.0 = Debug|Any CPU
		{1D0D7E65-5BCB-4B74-B78C-2ED0335C4100}.Release|Any CPU.ActiveCfg = Release|Any CPU
		{1D0D7E65-5BCB-4B74-B78C-2ED0335C4100}.Release|Any CPU.Build.0 = Release|Any CPU
		{6DD477B0-4E74-4820-82C5-D021310ED22F}.Debug|Any CPU.ActiveCfg = Debug|Any CPU
		{6DD477B0-4E74-4820-82C5-D021310ED22F}.Debug|Any CPU.Build.0 = Debug|Any CPU
		{6DD477B0-4E74-4820-82C5-D021310ED22F}.Release|Any CPU.ActiveCfg = Release|Any CPU
		{6DD477B0-4E74-4820-82C5-D021310ED22F}.Release|Any CPU.Build.0 = Release|Any CPU
	EndGlobalSection
	GlobalSection(NestedProjects) = preSolution
		{7D07F595-772C-4243-8D75-2A1CFECDDE67} = {0912E694-B866-4825-B9B4-6D818F4C481B}
		{8E36B81E-6FAB-45BA-B252-3584CBEA71A6} = {0912E694-B866-4825-B9B4-6D818F4C481B}
		{EB04469C-1F38-4E58-978D-B08D6CED6988} = {F0646813-11E4-4F7F-87E8-F71FE4BB3A0F}
		{822D30A8-84EF-4C3B-96B0-1D617232142F} = {F0646813-11E4-4F7F-87E8-F71FE4BB3A0F}
		{DEC9737C-52C7-46D0-B3D6-119696512147} = {D472F927-27C7-470E-98D2-2726902B72AB}
		{73C45398-3938-444D-988E-717B8D1F1471} = {D472F927-27C7-470E-98D2-2726902B72AB}
		{C8729269-9B8A-4FAB-A059-48D62400FFCC} = {738F24CA-D046-43BD-AB95-15B1787232CC}
		{1D0D7E65-5BCB-4B74-B78C-2ED0335C4100} = {738F24CA-D046-43BD-AB95-15B1787232CC}
	EndGlobalSection
EndGlobal
